// !$*UTF8*$!
{
	archiveVersion = 1;
	classes = {
	};
	objectVersion = 46;
	objects = {

/* Begin PBXBuildFile section */
		4F1083CD19642DC500ABB9B4 /* Appscript.h in Headers */ = {isa = PBXBuildFile; fileRef = 4F1083CC19642DC500ABB9B4 /* Appscript.h */; settings = {ATTRIBUTES = (Public, ); }; };
		4F1083F919642FCB00ABB9B4 /* application.h in Headers */ = {isa = PBXBuildFile; fileRef = 4F1083E719642FCB00ABB9B4 /* application.h */; settings = {ATTRIBUTES = (Public, ); }; };
		4F1083FA19642FCB00ABB9B4 /* application.m in Sources */ = {isa = PBXBuildFile; fileRef = 4F1083E819642FCB00ABB9B4 /* application.m */; };
		4F1083FB19642FCB00ABB9B4 /* base.h in Headers */ = {isa = PBXBuildFile; fileRef = 4F1083E919642FCB00ABB9B4 /* base.h */; settings = {ATTRIBUTES = (Public, ); }; };
		4F1083FC19642FCB00ABB9B4 /* base.m in Sources */ = {isa = PBXBuildFile; fileRef = 4F1083EA19642FCB00ABB9B4 /* base.m */; };
		4F1083FD19642FCB00ABB9B4 /* codecs.h in Headers */ = {isa = PBXBuildFile; fileRef = 4F1083EB19642FCB00ABB9B4 /* codecs.h */; settings = {ATTRIBUTES = (Public, ); }; };
		4F1083FE19642FCB00ABB9B4 /* codecs.m in Sources */ = {isa = PBXBuildFile; fileRef = 4F1083EC19642FCB00ABB9B4 /* codecs.m */; };
		4F1083FF19642FCB00ABB9B4 /* event.h in Headers */ = {isa = PBXBuildFile; fileRef = 4F1083ED19642FCB00ABB9B4 /* event.h */; settings = {ATTRIBUTES = (Public, ); }; };
		4F10840019642FCB00ABB9B4 /* event.m in Sources */ = {isa = PBXBuildFile; fileRef = 4F1083EE19642FCB00ABB9B4 /* event.m */; };
		4F10840119642FCB00ABB9B4 /* sendthreadsafe.c in Sources */ = {isa = PBXBuildFile; fileRef = 4F1083EF19642FCB00ABB9B4 /* sendthreadsafe.c */; };
		4F10840219642FCB00ABB9B4 /* sendthreadsafe.h in Headers */ = {isa = PBXBuildFile; fileRef = 4F1083F019642FCB00ABB9B4 /* sendthreadsafe.h */; settings = {ATTRIBUTES = (Public, ); }; };
		4F10840319642FCB00ABB9B4 /* specifier.h in Headers */ = {isa = PBXBuildFile; fileRef = 4F1083F119642FCB00ABB9B4 /* specifier.h */; settings = {ATTRIBUTES = (Public, ); }; };
		4F10840419642FCB00ABB9B4 /* specifier.m in Sources */ = {isa = PBXBuildFile; fileRef = 4F1083F219642FCB00ABB9B4 /* specifier.m */; };
		4F10840519642FCB00ABB9B4 /* types.h in Headers */ = {isa = PBXBuildFile; fileRef = 4F1083F319642FCB00ABB9B4 /* types.h */; settings = {ATTRIBUTES = (Public, ); }; };
		4F10840619642FCB00ABB9B4 /* types.m in Sources */ = {isa = PBXBuildFile; fileRef = 4F1083F419642FCB00ABB9B4 /* types.m */; };
		4F10840719642FCB00ABB9B4 /* unittype.h in Headers */ = {isa = PBXBuildFile; fileRef = 4F1083F519642FCB00ABB9B4 /* unittype.h */; settings = {ATTRIBUTES = (Public, ); }; };
		4F10840819642FCB00ABB9B4 /* unittype.m in Sources */ = {isa = PBXBuildFile; fileRef = 4F1083F619642FCB00ABB9B4 /* unittype.m */; };
		4F10840919642FCB00ABB9B4 /* utils.h in Headers */ = {isa = PBXBuildFile; fileRef = 4F1083F719642FCB00ABB9B4 /* utils.h */; settings = {ATTRIBUTES = (Public, ); }; };
		4F10840A19642FCB00ABB9B4 /* utils.m in Sources */ = {isa = PBXBuildFile; fileRef = 4F1083F819642FCB00ABB9B4 /* utils.m */; };
		4F1084171964304200ABB9B4 /* appdata.h in Headers */ = {isa = PBXBuildFile; fileRef = 4F10840B1964304200ABB9B4 /* appdata.h */; settings = {ATTRIBUTES = (Public, ); }; };
		4F1084181964304200ABB9B4 /* appdata.m in Sources */ = {isa = PBXBuildFile; fileRef = 4F10840C1964304200ABB9B4 /* appdata.m */; };
		4F1084191964304200ABB9B4 /* command.h in Headers */ = {isa = PBXBuildFile; fileRef = 4F10840D1964304200ABB9B4 /* command.h */; settings = {ATTRIBUTES = (Public, ); }; };
		4F10841A1964304200ABB9B4 /* command.m in Sources */ = {isa = PBXBuildFile; fileRef = 4F10840E1964304200ABB9B4 /* command.m */; };
		4F10841B1964304200ABB9B4 /* objectrenderer.h in Headers */ = {isa = PBXBuildFile; fileRef = 4F10840F1964304200ABB9B4 /* objectrenderer.h */; settings = {ATTRIBUTES = (Public, ); }; };
		4F10841C1964304200ABB9B4 /* objectrenderer.m in Sources */ = {isa = PBXBuildFile; fileRef = 4F1084101964304200ABB9B4 /* objectrenderer.m */; };
		4F10841D1964304200ABB9B4 /* reference.h in Headers */ = {isa = PBXBuildFile; fileRef = 4F1084111964304200ABB9B4 /* reference.h */; settings = {ATTRIBUTES = (Public, ); }; };
		4F10841E1964304200ABB9B4 /* reference.m in Sources */ = {isa = PBXBuildFile; fileRef = 4F1084121964304200ABB9B4 /* reference.m */; };
		4F10841F1964304200ABB9B4 /* referencerenderer.h in Headers */ = {isa = PBXBuildFile; fileRef = 4F1084131964304200ABB9B4 /* referencerenderer.h */; settings = {ATTRIBUTES = (Public, ); }; };
		4F1084201964304200ABB9B4 /* referencerenderer.m in Sources */ = {isa = PBXBuildFile; fileRef = 4F1084141964304200ABB9B4 /* referencerenderer.m */; };
		4F1084211964304200ABB9B4 /* test.h in Headers */ = {isa = PBXBuildFile; fileRef = 4F1084151964304200ABB9B4 /* test.h */; settings = {ATTRIBUTES = (Public, ); }; };
		4F1084221964304200ABB9B4 /* test.m in Sources */ = {isa = PBXBuildFile; fileRef = 4F1084161964304200ABB9B4 /* test.m */; };
		4F1084251964305E00ABB9B4 /* constant.h in Headers */ = {isa = PBXBuildFile; fileRef = 4F1084231964305E00ABB9B4 /* constant.h */; settings = {ATTRIBUTES = (Public, ); }; };
		4F1084261964305E00ABB9B4 /* constant.m in Sources */ = {isa = PBXBuildFile; fileRef = 4F1084241964305E00ABB9B4 /* constant.m */; };
		4F10842D1964309500ABB9B4 /* bridgedata.h in Headers */ = {isa = PBXBuildFile; fileRef = 4F1084271964309500ABB9B4 /* bridgedata.h */; settings = {ATTRIBUTES = (Public, ); }; };
		4F10842E1964309500ABB9B4 /* bridgedata.m in Sources */ = {isa = PBXBuildFile; fileRef = 4F1084281964309500ABB9B4 /* bridgedata.m */; };
		4F10842F1964309500ABB9B4 /* parser.h in Headers */ = {isa = PBXBuildFile; fileRef = 4F1084291964309500ABB9B4 /* parser.h */; settings = {ATTRIBUTES = (Public, ); }; };
		4F1084301964309500ABB9B4 /* parser.m in Sources */ = {isa = PBXBuildFile; fileRef = 4F10842A1964309500ABB9B4 /* parser.m */; };
		4F1084311964309500ABB9B4 /* terminology.h in Headers */ = {isa = PBXBuildFile; fileRef = 4F10842B1964309500ABB9B4 /* terminology.h */; settings = {ATTRIBUTES = (Public, ); }; };
		4F1084321964309500ABB9B4 /* terminology.m in Sources */ = {isa = PBXBuildFile; fileRef = 4F10842C1964309500ABB9B4 /* terminology.m */; };
/* End PBXBuildFile section */

/* Begin PBXFileReference section */
		4F1083C719642DC500ABB9B4 /* Appscript.framework */ = {isa = PBXFileReference; explicitFileType = wrapper.framework; includeInIndex = 0; path = Appscript.framework; sourceTree = BUILT_PRODUCTS_DIR; };
		4F1083CB19642DC500ABB9B4 /* Info.plist */ = {isa = PBXFileReference; lastKnownFileType = text.plist.xml; path = Info.plist; sourceTree = "<group>"; };
		4F1083CC19642DC500ABB9B4 /* Appscript.h */ = {isa = PBXFileReference; lastKnownFileType = sourcecode.c.h; path = Appscript.h; sourceTree = "<group>"; };
		4F1083E719642FCB00ABB9B4 /* application.h */ = {isa = PBXFileReference; fileEncoding = 4; lastKnownFileType = sourcecode.c.h; path = application.h; sourceTree = "<group>"; };
		4F1083E819642FCB00ABB9B4 /* application.m */ = {isa = PBXFileReference; fileEncoding = 4; lastKnownFileType = sourcecode.c.objc; path = application.m; sourceTree = "<group>"; };
		4F1083E919642FCB00ABB9B4 /* base.h */ = {isa = PBXFileReference; fileEncoding = 4; lastKnownFileType = sourcecode.c.h; path = base.h; sourceTree = "<group>"; };
		4F1083EA19642FCB00ABB9B4 /* base.m */ = {isa = PBXFileReference; fileEncoding = 4; lastKnownFileType = sourcecode.c.objc; path = base.m; sourceTree = "<group>"; };
		4F1083EB19642FCB00ABB9B4 /* codecs.h */ = {isa = PBXFileReference; fileEncoding = 4; lastKnownFileType = sourcecode.c.h; path = codecs.h; sourceTree = "<group>"; };
		4F1083EC19642FCB00ABB9B4 /* codecs.m */ = {isa = PBXFileReference; fileEncoding = 4; lastKnownFileType = sourcecode.c.objc; path = codecs.m; sourceTree = "<group>"; };
		4F1083ED19642FCB00ABB9B4 /* event.h */ = {isa = PBXFileReference; fileEncoding = 4; lastKnownFileType = sourcecode.c.h; path = event.h; sourceTree = "<group>"; };
		4F1083EE19642FCB00ABB9B4 /* event.m */ = {isa = PBXFileReference; fileEncoding = 4; lastKnownFileType = sourcecode.c.objc; path = event.m; sourceTree = "<group>"; };
		4F1083EF19642FCB00ABB9B4 /* sendthreadsafe.c */ = {isa = PBXFileReference; fileEncoding = 4; lastKnownFileType = sourcecode.c.c; path = sendthreadsafe.c; sourceTree = "<group>"; };
		4F1083F019642FCB00ABB9B4 /* sendthreadsafe.h */ = {isa = PBXFileReference; fileEncoding = 4; lastKnownFileType = sourcecode.c.h; path = sendthreadsafe.h; sourceTree = "<group>"; };
		4F1083F119642FCB00ABB9B4 /* specifier.h */ = {isa = PBXFileReference; fileEncoding = 4; lastKnownFileType = sourcecode.c.h; path = specifier.h; sourceTree = "<group>"; };
		4F1083F219642FCB00ABB9B4 /* specifier.m */ = {isa = PBXFileReference; fileEncoding = 4; lastKnownFileType = sourcecode.c.objc; path = specifier.m; sourceTree = "<group>"; };
		4F1083F319642FCB00ABB9B4 /* types.h */ = {isa = PBXFileReference; fileEncoding = 4; lastKnownFileType = sourcecode.c.h; path = types.h; sourceTree = "<group>"; };
		4F1083F419642FCB00ABB9B4 /* types.m */ = {isa = PBXFileReference; fileEncoding = 4; lastKnownFileType = sourcecode.c.objc; path = types.m; sourceTree = "<group>"; };
		4F1083F519642FCB00ABB9B4 /* unittype.h */ = {isa = PBXFileReference; fileEncoding = 4; lastKnownFileType = sourcecode.c.h; path = unittype.h; sourceTree = "<group>"; };
		4F1083F619642FCB00ABB9B4 /* unittype.m */ = {isa = PBXFileReference; fileEncoding = 4; lastKnownFileType = sourcecode.c.objc; path = unittype.m; sourceTree = "<group>"; };
		4F1083F719642FCB00ABB9B4 /* utils.h */ = {isa = PBXFileReference; fileEncoding = 4; lastKnownFileType = sourcecode.c.h; path = utils.h; sourceTree = "<group>"; };
		4F1083F819642FCB00ABB9B4 /* utils.m */ = {isa = PBXFileReference; fileEncoding = 4; lastKnownFileType = sourcecode.c.objc; path = utils.m; sourceTree = "<group>"; };
		4F10840B1964304200ABB9B4 /* appdata.h */ = {isa = PBXFileReference; fileEncoding = 4; lastKnownFileType = sourcecode.c.h; path = appdata.h; sourceTree = "<group>"; };
		4F10840C1964304200ABB9B4 /* appdata.m */ = {isa = PBXFileReference; fileEncoding = 4; lastKnownFileType = sourcecode.c.objc; path = appdata.m; sourceTree = "<group>"; };
		4F10840D1964304200ABB9B4 /* command.h */ = {isa = PBXFileReference; fileEncoding = 4; lastKnownFileType = sourcecode.c.h; path = command.h; sourceTree = "<group>"; };
		4F10840E1964304200ABB9B4 /* command.m */ = {isa = PBXFileReference; fileEncoding = 4; lastKnownFileType = sourcecode.c.objc; path = command.m; sourceTree = "<group>"; };
		4F10840F1964304200ABB9B4 /* objectrenderer.h */ = {isa = PBXFileReference; fileEncoding = 4; lastKnownFileType = sourcecode.c.h; path = objectrenderer.h; sourceTree = "<group>"; };
		4F1084101964304200ABB9B4 /* objectrenderer.m */ = {isa = PBXFileReference; fileEncoding = 4; lastKnownFileType = sourcecode.c.objc; path = objectrenderer.m; sourceTree = "<group>"; };
		4F1084111964304200ABB9B4 /* reference.h */ = {isa = PBXFileReference; fileEncoding = 4; lastKnownFileType = sourcecode.c.h; path = reference.h; sourceTree = "<group>"; };
		4F1084121964304200ABB9B4 /* reference.m */ = {isa = PBXFileReference; fileEncoding = 4; lastKnownFileType = sourcecode.c.objc; path = reference.m; sourceTree = "<group>"; };
		4F1084131964304200ABB9B4 /* referencerenderer.h */ = {isa = PBXFileReference; fileEncoding = 4; lastKnownFileType = sourcecode.c.h; path = referencerenderer.h; sourceTree = "<group>"; };
		4F1084141964304200ABB9B4 /* referencerenderer.m */ = {isa = PBXFileReference; fileEncoding = 4; lastKnownFileType = sourcecode.c.objc; path = referencerenderer.m; sourceTree = "<group>"; };
		4F1084151964304200ABB9B4 /* test.h */ = {isa = PBXFileReference; fileEncoding = 4; lastKnownFileType = sourcecode.c.h; path = test.h; sourceTree = "<group>"; };
		4F1084161964304200ABB9B4 /* test.m */ = {isa = PBXFileReference; fileEncoding = 4; lastKnownFileType = sourcecode.c.objc; path = test.m; sourceTree = "<group>"; };
		4F1084231964305E00ABB9B4 /* constant.h */ = {isa = PBXFileReference; fileEncoding = 4; lastKnownFileType = sourcecode.c.h; path = constant.h; sourceTree = "<group>"; };
		4F1084241964305E00ABB9B4 /* constant.m */ = {isa = PBXFileReference; fileEncoding = 4; lastKnownFileType = sourcecode.c.objc; path = constant.m; sourceTree = "<group>"; };
		4F1084271964309500ABB9B4 /* bridgedata.h */ = {isa = PBXFileReference; fileEncoding = 4; lastKnownFileType = sourcecode.c.h; path = bridgedata.h; sourceTree = "<group>"; };
		4F1084281964309500ABB9B4 /* bridgedata.m */ = {isa = PBXFileReference; fileEncoding = 4; lastKnownFileType = sourcecode.c.objc; path = bridgedata.m; sourceTree = "<group>"; };
		4F1084291964309500ABB9B4 /* parser.h */ = {isa = PBXFileReference; fileEncoding = 4; lastKnownFileType = sourcecode.c.h; path = parser.h; sourceTree = "<group>"; };
		4F10842A1964309500ABB9B4 /* parser.m */ = {isa = PBXFileReference; fileEncoding = 4; lastKnownFileType = sourcecode.c.objc; path = parser.m; sourceTree = "<group>"; };
		4F10842B1964309500ABB9B4 /* terminology.h */ = {isa = PBXFileReference; fileEncoding = 4; lastKnownFileType = sourcecode.c.h; path = terminology.h; sourceTree = "<group>"; };
		4F10842C1964309500ABB9B4 /* terminology.m */ = {isa = PBXFileReference; fileEncoding = 4; lastKnownFileType = sourcecode.c.objc; path = terminology.m; sourceTree = "<group>"; };
/* End PBXFileReference section */

/* Begin PBXFrameworksBuildPhase section */
		4F1083C319642DC500ABB9B4 /* Frameworks */ = {
			isa = PBXFrameworksBuildPhase;
			buildActionMask = 2147483647;
			files = (
			);
			runOnlyForDeploymentPostprocessing = 0;
		};
/* End PBXFrameworksBuildPhase section */

/* Begin PBXGroup section */
		4F1083BD19642DC500ABB9B4 = {
			isa = PBXGroup;
			children = (
				4F1083C919642DC500ABB9B4 /* Appscript */,
				4F1083C819642DC500ABB9B4 /* Products */,
			);
			sourceTree = "<group>";
		};
		4F1083C819642DC500ABB9B4 /* Products */ = {
			isa = PBXGroup;
			children = (
				4F1083C719642DC500ABB9B4 /* Appscript.framework */,
			);
			name = Products;
			sourceTree = "<group>";
		};
		4F1083C919642DC500ABB9B4 /* Appscript */ = {
			isa = PBXGroup;
			children = (
				4F1083E319642F3A00ABB9B4 /* AEM */,
				4F1083E419642F4100ABB9B4 /* Appscript */,
				4F1083E619642F7C00ABB9B4 /* Bridge */,
				4F1083CC19642DC500ABB9B4 /* Appscript.h */,
				4F1083CA19642DC500ABB9B4 /* Supporting Files */,
			);
			path = Appscript;
			sourceTree = "<group>";
		};
		4F1083CA19642DC500ABB9B4 /* Supporting Files */ = {
			isa = PBXGroup;
			children = (
				4F1083CB19642DC500ABB9B4 /* Info.plist */,
			);
			name = "Supporting Files";
			sourceTree = "<group>";
		};
		4F1083E319642F3A00ABB9B4 /* AEM */ = {
			isa = PBXGroup;
			children = (
				4F1083E719642FCB00ABB9B4 /* application.h */,
				4F1083E819642FCB00ABB9B4 /* application.m */,
				4F1083E919642FCB00ABB9B4 /* base.h */,
				4F1083EA19642FCB00ABB9B4 /* base.m */,
				4F1083EB19642FCB00ABB9B4 /* codecs.h */,
				4F1083EC19642FCB00ABB9B4 /* codecs.m */,
				4F1083ED19642FCB00ABB9B4 /* event.h */,
				4F1083EE19642FCB00ABB9B4 /* event.m */,
				4F1083F019642FCB00ABB9B4 /* sendthreadsafe.h */,
				4F1083EF19642FCB00ABB9B4 /* sendthreadsafe.c */,
				4F1083F119642FCB00ABB9B4 /* specifier.h */,
				4F1083F219642FCB00ABB9B4 /* specifier.m */,
				4F1083F319642FCB00ABB9B4 /* types.h */,
				4F1083F419642FCB00ABB9B4 /* types.m */,
				4F1083F519642FCB00ABB9B4 /* unittype.h */,
				4F1083F619642FCB00ABB9B4 /* unittype.m */,
				4F1083F719642FCB00ABB9B4 /* utils.h */,
				4F1083F819642FCB00ABB9B4 /* utils.m */,
			);
			name = AEM;
			sourceTree = "<group>";
		};
		4F1083E419642F4100ABB9B4 /* Appscript */ = {
			isa = PBXGroup;
			children = (
				4F10840B1964304200ABB9B4 /* appdata.h */,
				4F10840C1964304200ABB9B4 /* appdata.m */,
				4F10840D1964304200ABB9B4 /* command.h */,
				4F10840E1964304200ABB9B4 /* command.m */,
				4F1084231964305E00ABB9B4 /* constant.h */,
				4F1084241964305E00ABB9B4 /* constant.m */,
				4F10840F1964304200ABB9B4 /* objectrenderer.h */,
				4F1084101964304200ABB9B4 /* objectrenderer.m */,
				4F1084111964304200ABB9B4 /* reference.h */,
				4F1084121964304200ABB9B4 /* reference.m */,
				4F1084131964304200ABB9B4 /* referencerenderer.h */,
				4F1084141964304200ABB9B4 /* referencerenderer.m */,
				4F1084151964304200ABB9B4 /* test.h */,
				4F1084161964304200ABB9B4 /* test.m */,
			);
			name = Appscript;
			sourceTree = "<group>";
		};
		4F1083E619642F7C00ABB9B4 /* Bridge */ = {
			isa = PBXGroup;
			children = (
				4F1084271964309500ABB9B4 /* bridgedata.h */,
				4F1084281964309500ABB9B4 /* bridgedata.m */,
				4F1084291964309500ABB9B4 /* parser.h */,
				4F10842A1964309500ABB9B4 /* parser.m */,
				4F10842B1964309500ABB9B4 /* terminology.h */,
				4F10842C1964309500ABB9B4 /* terminology.m */,
			);
			name = Bridge;
			sourceTree = "<group>";
		};
/* End PBXGroup section */

/* Begin PBXHeadersBuildPhase section */
		4F1083C419642DC500ABB9B4 /* Headers */ = {
			isa = PBXHeadersBuildPhase;
			buildActionMask = 2147483647;
			files = (
				4F10840919642FCB00ABB9B4 /* utils.h in Headers */,
				4F1083CD19642DC500ABB9B4 /* Appscript.h in Headers */,
				4F10840719642FCB00ABB9B4 /* unittype.h in Headers */,
				4F10842D1964309500ABB9B4 /* bridgedata.h in Headers */,
				4F1084311964309500ABB9B4 /* terminology.h in Headers */,
				4F1083F919642FCB00ABB9B4 /* application.h in Headers */,
				4F10840519642FCB00ABB9B4 /* types.h in Headers */,
				4F1083FB19642FCB00ABB9B4 /* base.h in Headers */,
				4F10841D1964304200ABB9B4 /* reference.h in Headers */,
				4F1084191964304200ABB9B4 /* command.h in Headers */,
				4F10840219642FCB00ABB9B4 /* sendthreadsafe.h in Headers */,
				4F10841B1964304200ABB9B4 /* objectrenderer.h in Headers */,
				4F1083FD19642FCB00ABB9B4 /* codecs.h in Headers */,
				4F10840319642FCB00ABB9B4 /* specifier.h in Headers */,
				4F1084211964304200ABB9B4 /* test.h in Headers */,
				4F10841F1964304200ABB9B4 /* referencerenderer.h in Headers */,
				4F1083FF19642FCB00ABB9B4 /* event.h in Headers */,
				4F1084251964305E00ABB9B4 /* constant.h in Headers */,
				4F1084171964304200ABB9B4 /* appdata.h in Headers */,
				4F10842F1964309500ABB9B4 /* parser.h in Headers */,
			);
			runOnlyForDeploymentPostprocessing = 0;
		};
/* End PBXHeadersBuildPhase section */

/* Begin PBXNativeTarget section */
		4F1083C619642DC500ABB9B4 /* Appscript */ = {
			isa = PBXNativeTarget;
			buildConfigurationList = 4F1083DD19642DC500ABB9B4 /* Build configuration list for PBXNativeTarget "Appscript" */;
			buildPhases = (
				4F1083C219642DC500ABB9B4 /* Sources */,
				4F1083C319642DC500ABB9B4 /* Frameworks */,
				4F1083C419642DC500ABB9B4 /* Headers */,
				4F1083C519642DC500ABB9B4 /* Resources */,
			);
			buildRules = (
			);
			dependencies = (
			);
			name = Appscript;
			productName = Appscript;
			productReference = 4F1083C719642DC500ABB9B4 /* Appscript.framework */;
			productType = "com.apple.product-type.framework";
		};
/* End PBXNativeTarget section */

/* Begin PBXProject section */
		4F1083BE19642DC500ABB9B4 /* Project object */ = {
			isa = PBXProject;
			attributes = {
				LastUpgradeCheck = 0600;
				ORGANIZATIONNAME = has;
				TargetAttributes = {
					4F1083C619642DC500ABB9B4 = {
						CreatedOnToolsVersion = 6.0;
					};
				};
			};
			buildConfigurationList = 4F1083C119642DC500ABB9B4 /* Build configuration list for PBXProject "Appscript" */;
			compatibilityVersion = "Xcode 3.2";
			developmentRegion = English;
			hasScannedForEncodings = 0;
			knownRegions = (
				en,
			);
			mainGroup = 4F1083BD19642DC500ABB9B4;
			productRefGroup = 4F1083C819642DC500ABB9B4 /* Products */;
			projectDirPath = "";
			projectRoot = "";
			targets = (
				4F1083C619642DC500ABB9B4 /* Appscript */,
			);
		};
/* End PBXProject section */

/* Begin PBXResourcesBuildPhase section */
		4F1083C519642DC500ABB9B4 /* Resources */ = {
			isa = PBXResourcesBuildPhase;
			buildActionMask = 2147483647;
			files = (
			);
			runOnlyForDeploymentPostprocessing = 0;
		};
/* End PBXResourcesBuildPhase section */

/* Begin PBXSourcesBuildPhase section */
		4F1083C219642DC500ABB9B4 /* Sources */ = {
			isa = PBXSourcesBuildPhase;
			buildActionMask = 2147483647;
			files = (
				4F1084301964309500ABB9B4 /* parser.m in Sources */,
				4F10840119642FCB00ABB9B4 /* sendthreadsafe.c in Sources */,
				4F1084181964304200ABB9B4 /* appdata.m in Sources */,
				4F10842E1964309500ABB9B4 /* bridgedata.m in Sources */,
				4F10841E1964304200ABB9B4 /* reference.m in Sources */,
				4F1084321964309500ABB9B4 /* terminology.m in Sources */,
				4F10840019642FCB00ABB9B4 /* event.m in Sources */,
				4F1083FE19642FCB00ABB9B4 /* codecs.m in Sources */,
				4F1084221964304200ABB9B4 /* test.m in Sources */,
				4F10840619642FCB00ABB9B4 /* types.m in Sources */,
				4F1084201964304200ABB9B4 /* referencerenderer.m in Sources */,
				4F10841C1964304200ABB9B4 /* objectrenderer.m in Sources */,
				4F1083FC19642FCB00ABB9B4 /* base.m in Sources */,
				4F10841A1964304200ABB9B4 /* command.m in Sources */,
				4F10840419642FCB00ABB9B4 /* specifier.m in Sources */,
				4F10840A19642FCB00ABB9B4 /* utils.m in Sources */,
				4F1083FA19642FCB00ABB9B4 /* application.m in Sources */,
				4F10840819642FCB00ABB9B4 /* unittype.m in Sources */,
				4F1084261964305E00ABB9B4 /* constant.m in Sources */,
			);
			runOnlyForDeploymentPostprocessing = 0;
		};
/* End PBXSourcesBuildPhase section */

/* Begin XCBuildConfiguration section */
		4F1083DB19642DC500ABB9B4 /* Debug */ = {
			isa = XCBuildConfiguration;
			buildSettings = {
				ALWAYS_SEARCH_USER_PATHS = NO;
				CLANG_CXX_LANGUAGE_STANDARD = "gnu++0x";
				CLANG_CXX_LIBRARY = "libc++";
				CLANG_ENABLE_MODULES = YES;
				CLANG_ENABLE_OBJC_ARC = YES;
				CLANG_WARN_BOOL_CONVERSION = YES;
				CLANG_WARN_CONSTANT_CONVERSION = YES;
				CLANG_WARN_DIRECT_OBJC_ISA_USAGE = YES_ERROR;
				CLANG_WARN_EMPTY_BODY = YES;
				CLANG_WARN_ENUM_CONVERSION = YES;
				CLANG_WARN_INT_CONVERSION = YES;
				CLANG_WARN_OBJC_ROOT_CLASS = YES_ERROR;
				CLANG_WARN_UNREACHABLE_CODE = YES;
				CLANG_WARN__DUPLICATE_METHOD_MATCH = YES;
				COPY_PHASE_STRIP = NO;
				CURRENT_PROJECT_VERSION = 1;
				ENABLE_STRICT_OBJC_MSGSEND = YES;
				GCC_C_LANGUAGE_STANDARD = gnu99;
				GCC_DYNAMIC_NO_PIC = NO;
				GCC_OPTIMIZATION_LEVEL = 0;
				GCC_PREPROCESSOR_DEFINITIONS = (
					"DEBUG=1",
					"$(inherited)",
				);
				GCC_SYMBOLS_PRIVATE_EXTERN = NO;
				GCC_WARN_64_TO_32_BIT_CONVERSION = YES;
				GCC_WARN_ABOUT_RETURN_TYPE = YES_ERROR;
				GCC_WARN_UNDECLARED_SELECTOR = YES;
				GCC_WARN_UNINITIALIZED_AUTOS = YES_AGGRESSIVE;
				GCC_WARN_UNUSED_FUNCTION = YES;
				GCC_WARN_UNUSED_VARIABLE = YES;
				MACOSX_DEPLOYMENT_TARGET = 10.10;
				METAL_ENABLE_DEBUG_INFO = YES;
				ONLY_ACTIVE_ARCH = YES;
				SDKROOT = macosx;
				VERSIONING_SYSTEM = "apple-generic";
				VERSION_INFO_PREFIX = "";
			};
			name = Debug;
		};
		4F1083DC19642DC500ABB9B4 /* Release */ = {
			isa = XCBuildConfiguration;
			buildSettings = {
				ALWAYS_SEARCH_USER_PATHS = NO;
				CLANG_CXX_LANGUAGE_STANDARD = "gnu++0x";
				CLANG_CXX_LIBRARY = "libc++";
				CLANG_ENABLE_MODULES = YES;
				CLANG_ENABLE_OBJC_ARC = YES;
				CLANG_WARN_BOOL_CONVERSION = YES;
				CLANG_WARN_CONSTANT_CONVERSION = YES;
				CLANG_WARN_DIRECT_OBJC_ISA_USAGE = YES_ERROR;
				CLANG_WARN_EMPTY_BODY = YES;
				CLANG_WARN_ENUM_CONVERSION = YES;
				CLANG_WARN_INT_CONVERSION = YES;
				CLANG_WARN_OBJC_ROOT_CLASS = YES_ERROR;
				CLANG_WARN_UNREACHABLE_CODE = YES;
				CLANG_WARN__DUPLICATE_METHOD_MATCH = YES;
				COPY_PHASE_STRIP = YES;
				CURRENT_PROJECT_VERSION = 1;
				DEBUG_INFORMATION_FORMAT = "dwarf-with-dsym";
				ENABLE_NS_ASSERTIONS = NO;
				ENABLE_STRICT_OBJC_MSGSEND = YES;
				GCC_C_LANGUAGE_STANDARD = gnu99;
				GCC_WARN_64_TO_32_BIT_CONVERSION = YES;
				GCC_WARN_ABOUT_RETURN_TYPE = YES_ERROR;
				GCC_WARN_UNDECLARED_SELECTOR = YES;
				GCC_WARN_UNINITIALIZED_AUTOS = YES_AGGRESSIVE;
				GCC_WARN_UNUSED_FUNCTION = YES;
				GCC_WARN_UNUSED_VARIABLE = YES;
				MACOSX_DEPLOYMENT_TARGET = 10.10;
				METAL_ENABLE_DEBUG_INFO = NO;
				SDKROOT = macosx;
				VERSIONING_SYSTEM = "apple-generic";
				VERSION_INFO_PREFIX = "";
			};
			name = Release;
		};
		4F1083DE19642DC500ABB9B4 /* Debug */ = {
			isa = XCBuildConfiguration;
			buildSettings = {
				CLANG_ENABLE_OBJC_ARC = NO;
				COMBINE_HIDPI_IMAGES = YES;
				DEFINES_MODULE = YES;
				DYLIB_COMPATIBILITY_VERSION = 1;
				DYLIB_CURRENT_VERSION = 1;
				DYLIB_INSTALL_NAME_BASE = "@rpath";
				FRAMEWORK_VERSION = A;
				INFOPLIST_FILE = Appscript/Info.plist;
				INSTALL_PATH = "$(LOCAL_LIBRARY_DIR)/Frameworks";
				LD_RUNPATH_SEARCH_PATHS = "$(inherited) @executable_path/../Frameworks @loader_path/../Frameworks";
				MACOSX_DEPLOYMENT_TARGET = 10.6;
				PRODUCT_NAME = "$(TARGET_NAME)";
				SKIP_INSTALL = YES;
			};
			name = Debug;
		};
		4F1083DF19642DC500ABB9B4 /* Release */ = {
			isa = XCBuildConfiguration;
			buildSettings = {
				CLANG_ENABLE_OBJC_ARC = NO;
				COMBINE_HIDPI_IMAGES = YES;
				DEFINES_MODULE = YES;
				DYLIB_COMPATIBILITY_VERSION = 1;
				DYLIB_CURRENT_VERSION = 1;
				DYLIB_INSTALL_NAME_BASE = "@rpath";
				FRAMEWORK_VERSION = A;
				INFOPLIST_FILE = Appscript/Info.plist;
				INSTALL_PATH = "$(LOCAL_LIBRARY_DIR)/Frameworks";
				LD_RUNPATH_SEARCH_PATHS = "$(inherited) @executable_path/../Frameworks @loader_path/../Frameworks";
				MACOSX_DEPLOYMENT_TARGET = 10.6;
				PRODUCT_NAME = "$(TARGET_NAME)";
				SKIP_INSTALL = YES;
			};
			name = Release;
		};
/* End XCBuildConfiguration section */

/* Begin XCConfigurationList section */
		4F1083C119642DC500ABB9B4 /* Build configuration list for PBXProject "Appscript" */ = {
			isa = XCConfigurationList;
			buildConfigurations = (
				4F1083DB19642DC500ABB9B4 /* Debug */,
				4F1083DC19642DC500ABB9B4 /* Release */,
			);
			defaultConfigurationIsVisible = 0;
			defaultConfigurationName = Release;
		};
		4F1083DD19642DC500ABB9B4 /* Build configuration list for PBXNativeTarget "Appscript" */ = {
			isa = XCConfigurationList;
			buildConfigurations = (
				4F1083DE19642DC500ABB9B4 /* Debug */,
				4F1083DF19642DC500ABB9B4 /* Release */,
			);
			defaultConfigurationIsVisible = 0;
			defaultConfigurationName = Release;
		};
/* End XCConfigurationList section */
	};
	rootObject = 4F1083BE19642DC500ABB9B4 /* Project object */;
}
